hash: e45a0da4d6822af979d9392ecfe92d6da5c068de774d6c3a9b0fc20cb47443c9
updated: 2017-03-12T16:09:31.624482928+02:00
imports:
- name: github.com/AlekSi/pointer
  version: 08a25bac605b3fcb6cc27f3917b2c2c87451963d
- name: github.com/asaskevich/govalidator
  version: 7b3beb6df3c42abd3509abfc3bcacc0fbfb7c877
- name: github.com/Dancapistan/gobase32
  version: 203acd9f6b689ed3fdb3f863c3b29435ee4e3d3a
- name: github.com/diyan/echox
  version: 151ee916ef7f88d5cdab07fc7e9e2c6af819ffc6
  subpackages:
  - log
  - middleware
- name: github.com/echo-contrib/pongor
  version: 40d20fccf83835a3f872e5dfbe4f20ac62352375
- name: github.com/flosch/pongo2
  version: 5e81b817a0c48c1c57cdf1a9056cf76bdee02ca9
- name: github.com/gocraft/dbr
  version: c4f8f99b25c74a821ffa41ca2e339cc24a6b4a67
- name: github.com/hydrogen18/stalecucumber
  version: 0a94983f3e27967c69ba6bb92f9d5f0a68a97bc0
- name: github.com/intelekshual/go-simpleflake
  version: 7d205c7bab7dabd7b8c3e2639b719446cae82d2b
- name: github.com/k0kubun/pp
  version: 36d5366f4ec038f9a76dd85c7b29074089bb9b9e
- name: github.com/labstack/echo
  version: 8d504c1b699c757b267255c53b3e5219f9974abc
  subpackages:
  - middleware
- name: github.com/lib/pq
  version: e4af84aab01e159ca479940dbde304519e8e8811
- name: github.com/mattes/migrate
  version: 305a63a4472b883b8af8e0d71132e98d83a69e4d
- name: github.com/moul/http2curl
  version: 4e24498b31dba4683efb9d35c1c8a91e2eda28c8
- name: github.com/parnurzeal/gorequest
  version: 2aea80ce763523ecc6452e61c3727ae9595a5809
- name: github.com/pkg/errors
  version: 645ef00459ed84a119197bfb8d8205042c6df63d
- name: github.com/satori/go.uuid
  version: 879c5887cd475cd7864858769793b2ceb0d44feb
- name: github.com/Sirupsen/logrus
  version: c078b1e43f58d563c74cebe63c85789e76ddb627
- name: github.com/spf13/cobra
  version: 16c014f1a19d865b765b420e74508f80eb831ada
- name: github.com/spf13/pflag
  version: 9ff6c6923cfffbcd502984b8e0c80539a94968b7
- name: github.com/spf13/viper
  version: 7538d73b4eb9511d85a9f1dfef202eeb8ac260f4
- name: github.com/stretchr/testify
  version: 69483b4bd14f5845b5a1e55bca19e954e827f1d0
  subpackages:
  - suite
- name: github.com/x-cray/logrus-prefixed-formatter
  version: 9cd0cf058806896bf8ca66f9a957d36bd9e4ce0f
- name: gopkg.in/yaml.v2
  version: a3f3340b5840cee44f372bddb5880fcbc419b46a
  repo: https://github.com/go-yaml/yaml.git
testImports: []
